
Microsoft Visual Studio Solution File, Format Version 12.00
# Visual Studio Version 17
VisualStudioVersion = 17.13.35931.197
MinimumVisualStudioVersion = 10.0.40219.1
Project("{FAE04EC0-301F-11D3-BF4B-00C04F79EFBC}") = "MyShop.API", "MyShop.API\MyShop.API.csproj", "{ED93FA45-E845-E83A-7529-B54832BAD13E}"
EndProject
Project("{FAE04EC0-301F-11D3-BF4B-00C04F79EFBC}") = "MyShop.CORE", "MyShop.CORE\MyShop.CORE.csproj", "{5E8F1CED-805F-A51D-6ADA-DDA5FB4B67D9}"
EndProject
Project("{FAE04EC0-301F-11D3-BF4B-00C04F79EFBC}") = "MyShop.INFRASTRUCTURE", "MyShop.INFRASTRUCTURE\MyShop.INFRASTRUCTURE.csproj", "{8EDFB258-1936-EC0A-9FB6-266F70AC1D4A}"
EndProject
Global
	GlobalSection(SolutionConfigurationPlatforms) = preSolution
		Debug|Any CPU = Debug|Any CPU
		Release|Any CPU = Release|Any CPU
	EndGlobalSection
	GlobalSection(ProjectConfigurationPlatforms) = postSolution
		{ED93FA45-E845-E83A-7529-B54832BAD13E}.Debug|Any CPU.ActiveCfg = Debug|Any CPU
		{ED93FA45-E845-E83A-7529-B54832BAD13E}.Debug|Any CPU.Build.0 = Debug|Any CPU
		{ED93FA45-E845-E83A-7529-B54832BAD13E}.Release|Any CPU.ActiveCfg = Release|Any CPU
		{ED93FA45-E845-E83A-7529-B54832BAD13E}.Release|Any CPU.Build.0 = Release|Any CPU
		{5E8F1CED-805F-A51D-6ADA-DDA5FB4B67D9}.Debug|Any CPU.ActiveCfg = Debug|Any CPU
		{5E8F1CED-805F-A51D-6ADA-DDA5FB4B67D9}.Debug|Any CPU.Build.0 = Debug|Any CPU
		{5E8F1CED-805F-A51D-6ADA-DDA5FB4B67D9}.Release|Any CPU.ActiveCfg = Release|Any CPU
		{5E8F1CED-805F-A51D-6ADA-DDA5FB4B67D9}.Release|Any CPU.Build.0 = Release|Any CPU
		{8EDFB258-1936-EC0A-9FB6-266F70AC1D4A}.Debug|Any CPU.ActiveCfg = Debug|Any CPU
		{8EDFB258-1936-EC0A-9FB6-266F70AC1D4A}.Debug|Any CPU.Build.0 = Debug|Any CPU
		{8EDFB258-1936-EC0A-9FB6-266F70AC1D4A}.Release|Any CPU.ActiveCfg = Release|Any CPU
		{8EDFB258-1936-EC0A-9FB6-266F70AC1D4A}.Release|Any CPU.Build.0 = Release|Any CPU
	EndGlobalSection
	GlobalSection(SolutionProperties) = preSolution
		HideSolutionNode = FALSE
	EndGlobalSection
	GlobalSection(ExtensibilityGlobals) = postSolution
		SolutionGuid = {097B8723-D673-43AF-84B4-E9ECC36FE363}
	EndGlobalSection
EndGlobal
